{
	"name": "fuzzy-eagle-string-compare-example",
	"version": "0.0.0",
	"lockfileVersion": 2,
	"requires": true,
	"packages": {
		"": {
			"name": "fuzzy-eagle-string-compare-example",
			"version": "0.0.0",
			"devDependencies": {
				"@fuzzyEagle/cli": "file:../../packages/cli"
			}
		},
		"../../packages/cli": {
			"name": "@fuzzy-eagle/cli",
			"version": "0.0.0",
			"dev": true,
			"license": "Apache-2.0",
			"dependencies": {
				"@fuzzy-eagle/instrumentor": "*",
				"yargs": "^17.5.1"
			},
			"bin": {
				"fuzzyEagle": "dist/cli.js"
			},
			"devDependencies": {
				"@types/yargs": "^17.0.10"
			},
			"engines": {
				"node": ">= 14.0.0",
				"npm": ">= 7.0.0"
			}
		},
		"node_modules/@fuzzyEagle/cli": {
			"resolved": "../../packages/cli",
			"link": true
		}
	},
	"dependencies": {
		"@fuzzyEagle/cli": {
			"version": "file:../../packages/cli",
			"requires": {
				"@fuzzy-eagle/instrumentor": "*",
				"@types/yargs": "^17.0.10",
				"yargs": "^17.5.1"
			}
		}
	}
}
