{
	"name": "jazzerjs-string-compare-example",
	"version": "1.0.0",
	"lockfileVersion": 2,
	"requires": true,
	"packages": {
		"": {
			"name": "jazzerjs-string-compare-example",
			"version": "1.0.0",
			"devDependencies": {
				"@jazzer.js/core": "file:../../packages/core"
			}
		},
		"../../packages/core": {
			"name": "@jazzer.js/core",
			"version": "1.0.1",
			"dev": true,
			"license": "Apache-2.0",
			"dependencies": {
				"@jazzer.js/instrumentor": "*",
				"yargs": "^17.5.1"
			},
			"bin": {
				"jazzer": "dist/cli.js"
			},
			"devDependencies": {
				"@types/yargs": "^17.0.11"
			},
			"engines": {
				"node": ">= 14.0.0",
				"npm": ">= 7.0.0"
			}
		},
		"node_modules/@jazzer.js/core": {
			"resolved": "../../packages/core",
			"link": true
		}
	},
	"dependencies": {
		"@jazzer.js/core": {
			"version": "file:../../packages/core",
			"requires": {
				"@jazzer.js/instrumentor": "*",
				"@types/yargs": "^17.0.11",
				"yargs": "^17.5.1"
			}
		}
	}
}
