{
	"name": "jpeg-fuzz",
	"version": "1.0.0",
	"lockfileVersion": 2,
	"requires": true,
	"packages": {
		"": {
			"name": "jpeg-fuzz",
			"version": "1.0.0",
			"license": "ISC",
			"dependencies": {
				"jpeg-js": "^0.4.4"
			},
			"devDependencies": {
				"@jazzer.js/core": "file:../../packages/core"
			}
		},
		"../../packages/core": {
			"name": "@jazzer.js/core",
			"version": "1.0.1",
			"dev": true,
			"license": "Apache-2.0",
			"dependencies": {
				"@jazzer.js/hooking": "*",
				"@jazzer.js/instrumentor": "*",
				"yargs": "^17.6.0"
			},
			"bin": {
				"jazzer": "dist/cli.js"
			},
			"devDependencies": {
				"@types/yargs": "^17.0.13"
			},
			"engines": {
				"node": ">= 14.0.0",
				"npm": ">= 7.0.0"
			}
		},
		"node_modules/@jazzer.js/core": {
			"resolved": "../../packages/core",
			"link": true
		},
		"node_modules/jpeg-js": {
			"version": "0.4.4",
			"resolved": "https://registry.npmjs.org/jpeg-js/-/jpeg-js-0.4.4.tgz",
			"integrity": "sha512-WZzeDOEtTOBK4Mdsar0IqEU5sMr3vSV2RqkAIzUEV2BHnUfKGyswWFPFwK5EeDo93K3FohSHbLAjj0s1Wzd+dg=="
		}
	},
	"dependencies": {
		"@jazzer.js/core": {
			"version": "file:../../packages/core",
			"requires": {
				"@jazzer.js/hooking": "*",
				"@jazzer.js/instrumentor": "*",
				"@types/yargs": "^17.0.13",
				"yargs": "^17.6.0"
			}
		},
		"jpeg-js": {
			"version": "0.4.4",
			"resolved": "https://registry.npmjs.org/jpeg-js/-/jpeg-js-0.4.4.tgz",
			"integrity": "sha512-WZzeDOEtTOBK4Mdsar0IqEU5sMr3vSV2RqkAIzUEV2BHnUfKGyswWFPFwK5EeDo93K3FohSHbLAjj0s1Wzd+dg=="
		}
	}
}
