{
	"name": "jazzerjs-timeout-example",
	"version": "1.0.0",
	"lockfileVersion": 2,
	"requires": true,
	"packages": {
		"": {
			"name": "jazzerjs-timeout-example",
			"version": "1.0.0",
			"devDependencies": {
				"@jazzer.js/core": "file:../../packages/core"
			}
		},
		"../../packages/core": {
			"name": "@jazzer.js/core",
			"version": "1.0.1",
			"dev": true,
			"license": "Apache-2.0",
			"dependencies": {
				"@jazzer.js/instrumentor": "*",
				"yargs": "^17.5.1"
			},
			"bin": {
				"jazzer": "dist/cli.js"
			},
			"devDependencies": {
				"@types/yargs": "^17.0.12"
			},
			"engines": {
				"node": ">= 14.0.0",
				"npm": ">= 7.0.0"
			}
		},
		"../../packages/fuzzer": {
			"name": "@jazzer.js/fuzzer",
			"version": "1.0.1",
			"extraneous": true,
			"hasInstallScript": true,
			"license": "Apache-2.0",
			"dependencies": {
				"bindings": "^1.5.0",
				"cmake-js": "^6.3.2",
				"node-addon-api": "^5.0.0",
				"prebuild-install": "^7.1.1"
			},
			"devDependencies": {
				"@types/bindings": "^1.5.1",
				"@types/node": "^18.7.12",
				"clang-format": "^1.8.0",
				"prebuild": "^11.0.4"
			},
			"engines": {
				"node": ">= 14.0.0",
				"npm": ">= 7.0.0"
			}
		},
		"node_modules/@jazzer.js/core": {
			"resolved": "../../packages/core",
			"link": true
		}
	},
	"dependencies": {
		"@jazzer.js/core": {
			"version": "file:../../packages/core",
			"requires": {
				"@jazzer.js/instrumentor": "*",
				"@types/yargs": "^17.0.12",
				"yargs": "^17.5.1"
			}
		}
	}
}
