{
	"name": "jazzerjs-spectral-example",
	"version": "0.2.0",
	"lockfileVersion": 2,
	"requires": true,
	"packages": {
		"": {
			"name": "jazzerjs-spectral-example",
			"version": "0.2.0",
			"dependencies": {
				"@stoplight/spectral-parsers": "^1.0.1"
			},
			"devDependencies": {
				"@jazzer.js/core": "file:../../packages/core"
			}
		},
		"../../packages/cli": {
			"name": "@fuzzy-eagle/cli",
			"version": "0.0.0",
			"extraneous": true,
			"license": "Apache-2.0",
			"dependencies": {
				"@fuzzy-eagle/instrumentor": "*",
				"yargs": "^17.5.1"
			},
			"bin": {
				"fuzzyEagle": "dist/cli.js"
			},
			"devDependencies": {
				"@types/yargs": "^17.0.10"
			},
			"engines": {
				"node": ">= 14.0.0",
				"npm": ">= 7.0.0"
			}
		},
		"../../packages/core": {
			"name": "@jazzer.js/core",
			"version": "0.2.0",
			"dev": true,
			"license": "Apache-2.0",
			"dependencies": {
				"@jazzer.js/instrumentor": "*",
				"yargs": "^17.5.1"
			},
			"bin": {
				"jazzer": "dist/cli.js"
			},
			"devDependencies": {
				"@types/yargs": "^17.0.11"
			},
			"engines": {
				"node": ">= 14.0.0",
				"npm": ">= 7.0.0"
			}
		},
		"node_modules/@jazzer.js/core": {
			"resolved": "../../packages/core",
			"link": true
		},
		"node_modules/@stoplight/json": {
			"version": "3.17.0",
			"resolved": "https://registry.npmjs.org/@stoplight/json/-/json-3.17.0.tgz",
			"integrity": "sha512-WW0z2bb0D4t8FTl+zNTCu46J8lEOsrUhBPgwEYQ3Ri2Y0MiRE4U1/9ZV8Ki+pIJznZgY9i42bbFwOBxyZn5/6w==",
			"dependencies": {
				"@stoplight/ordered-object-literal": "^1.0.2",
				"@stoplight/types": "^12.3.0",
				"jsonc-parser": "~2.2.1",
				"lodash": "^4.17.21",
				"safe-stable-stringify": "^1.1"
			},
			"engines": {
				"node": ">=8.3.0"
			}
		},
		"node_modules/@stoplight/ordered-object-literal": {
			"version": "1.0.3",
			"resolved": "https://registry.npmjs.org/@stoplight/ordered-object-literal/-/ordered-object-literal-1.0.3.tgz",
			"integrity": "sha512-cjJ7PPkhgTXNMTkevAlmyrx9xOOCaI3c6rEeYb6VitL1o1WcZtrz9KyFyISmTmUa7yYTiy2IS/ud9S8s2sn3+A==",
			"engines": {
				"node": ">=8"
			}
		},
		"node_modules/@stoplight/spectral-parsers": {
			"version": "1.0.1",
			"resolved": "https://registry.npmjs.org/@stoplight/spectral-parsers/-/spectral-parsers-1.0.1.tgz",
			"integrity": "sha512-JGKlrTxhjUzIGo2FOCf8Qp0WKTWXedoRNPovqYPE8pAp08epqU8DzHwl/i46BGH5yfTmouKMZgBN/PV2+Cr5jw==",
			"dependencies": {
				"@stoplight/json": "3.17.0",
				"@stoplight/types": "12.3.0",
				"@stoplight/yaml": "4.2.2",
				"tslib": "^2.3.1"
			},
			"engines": {
				"node": ">=12"
			}
		},
		"node_modules/@stoplight/types": {
			"version": "12.3.0",
			"resolved": "https://registry.npmjs.org/@stoplight/types/-/types-12.3.0.tgz",
			"integrity": "sha512-hgzUR1z5BlYvIzUeFK5pjs5JXSvEutA9Pww31+dVicBlunsG1iXopDx/cvfBY7rHOrgtZDuvyeK4seqkwAZ6Cg==",
			"dependencies": {
				"@types/json-schema": "^7.0.4",
				"utility-types": "^3.10.0"
			},
			"engines": {
				"node": ">=8"
			}
		},
		"node_modules/@stoplight/yaml": {
			"version": "4.2.2",
			"resolved": "https://registry.npmjs.org/@stoplight/yaml/-/yaml-4.2.2.tgz",
			"integrity": "sha512-N086FU8pmSpjc5TvMBjmlTniZVh3OXzmEh6SYljSLiuv6aMxgjyjf13YrAlUqgu0b4b6pQ5zmkjrfo9i0SiLsw==",
			"dependencies": {
				"@stoplight/ordered-object-literal": "^1.0.1",
				"@stoplight/types": "^12.0.0",
				"@stoplight/yaml-ast-parser": "0.0.48",
				"tslib": "^2.2.0"
			},
			"engines": {
				"node": ">=10.8"
			}
		},
		"node_modules/@stoplight/yaml-ast-parser": {
			"version": "0.0.48",
			"resolved": "https://registry.npmjs.org/@stoplight/yaml-ast-parser/-/yaml-ast-parser-0.0.48.tgz",
			"integrity": "sha512-sV+51I7WYnLJnKPn2EMWgS4EUfoP4iWEbrWwbXsj0MZCB/xOK8j6+C9fntIdOM50kpx45ZLC3s6kwKivWuqvyg=="
		},
		"node_modules/@types/json-schema": {
			"version": "7.0.11",
			"resolved": "https://registry.npmjs.org/@types/json-schema/-/json-schema-7.0.11.tgz",
			"integrity": "sha512-wOuvG1SN4Us4rez+tylwwwCV1psiNVOkJeM3AUWUNWg/jDQY2+HE/444y5gc+jBmRqASOm2Oeh5c1axHobwRKQ=="
		},
		"node_modules/jsonc-parser": {
			"version": "2.2.1",
			"resolved": "https://registry.npmjs.org/jsonc-parser/-/jsonc-parser-2.2.1.tgz",
			"integrity": "sha512-o6/yDBYccGvTz1+QFevz6l6OBZ2+fMVu2JZ9CIhzsYRX4mjaK5IyX9eldUdCmga16zlgQxyrj5pt9kzuj2C02w=="
		},
		"node_modules/lodash": {
			"version": "4.17.21",
			"resolved": "https://registry.npmjs.org/lodash/-/lodash-4.17.21.tgz",
			"integrity": "sha512-v2kDEe57lecTulaDIuNTPy3Ry4gLGJ6Z1O3vE1krgXZNrsQ+LFTGHVxVjcXPs17LhbZVGedAJv8XZ1tvj5FvSg=="
		},
		"node_modules/safe-stable-stringify": {
			"version": "1.1.1",
			"resolved": "https://registry.npmjs.org/safe-stable-stringify/-/safe-stable-stringify-1.1.1.tgz",
			"integrity": "sha512-ERq4hUjKDbJfE4+XtZLFPCDi8Vb1JqaxAPTxWFLBx8XcAlf9Bda/ZJdVezs/NAfsMQScyIlUMx+Yeu7P7rx5jw=="
		},
		"node_modules/tslib": {
			"version": "2.4.0",
			"resolved": "https://registry.npmjs.org/tslib/-/tslib-2.4.0.tgz",
			"integrity": "sha512-d6xOpEDfsi2CZVlPQzGeux8XMwLT9hssAsaPYExaQMuYskwb+x1x7J371tWlbBdWHroy99KnVB6qIkUbs5X3UQ=="
		},
		"node_modules/utility-types": {
			"version": "3.10.0",
			"resolved": "https://registry.npmjs.org/utility-types/-/utility-types-3.10.0.tgz",
			"integrity": "sha512-O11mqxmi7wMKCo6HKFt5AhO4BwY3VV68YU07tgxfz8zJTIxr4BpsezN49Ffwy9j3ZpwwJp4fkRwjRzq3uWE6Rg==",
			"engines": {
				"node": ">= 4"
			}
		}
	},
	"dependencies": {
		"@jazzer.js/core": {
			"version": "file:../../packages/core",
			"requires": {
				"@jazzer.js/instrumentor": "*",
				"@types/yargs": "^17.0.11",
				"yargs": "^17.5.1"
			}
		},
		"@stoplight/json": {
			"version": "3.17.0",
			"resolved": "https://registry.npmjs.org/@stoplight/json/-/json-3.17.0.tgz",
			"integrity": "sha512-WW0z2bb0D4t8FTl+zNTCu46J8lEOsrUhBPgwEYQ3Ri2Y0MiRE4U1/9ZV8Ki+pIJznZgY9i42bbFwOBxyZn5/6w==",
			"requires": {
				"@stoplight/ordered-object-literal": "^1.0.2",
				"@stoplight/types": "^12.3.0",
				"jsonc-parser": "~2.2.1",
				"lodash": "^4.17.21",
				"safe-stable-stringify": "^1.1"
			}
		},
		"@stoplight/ordered-object-literal": {
			"version": "1.0.3",
			"resolved": "https://registry.npmjs.org/@stoplight/ordered-object-literal/-/ordered-object-literal-1.0.3.tgz",
			"integrity": "sha512-cjJ7PPkhgTXNMTkevAlmyrx9xOOCaI3c6rEeYb6VitL1o1WcZtrz9KyFyISmTmUa7yYTiy2IS/ud9S8s2sn3+A=="
		},
		"@stoplight/spectral-parsers": {
			"version": "1.0.1",
			"resolved": "https://registry.npmjs.org/@stoplight/spectral-parsers/-/spectral-parsers-1.0.1.tgz",
			"integrity": "sha512-JGKlrTxhjUzIGo2FOCf8Qp0WKTWXedoRNPovqYPE8pAp08epqU8DzHwl/i46BGH5yfTmouKMZgBN/PV2+Cr5jw==",
			"requires": {
				"@stoplight/json": "3.17.0",
				"@stoplight/types": "12.3.0",
				"@stoplight/yaml": "4.2.2",
				"tslib": "^2.3.1"
			}
		},
		"@stoplight/types": {
			"version": "12.3.0",
			"resolved": "https://registry.npmjs.org/@stoplight/types/-/types-12.3.0.tgz",
			"integrity": "sha512-hgzUR1z5BlYvIzUeFK5pjs5JXSvEutA9Pww31+dVicBlunsG1iXopDx/cvfBY7rHOrgtZDuvyeK4seqkwAZ6Cg==",
			"requires": {
				"@types/json-schema": "^7.0.4",
				"utility-types": "^3.10.0"
			}
		},
		"@stoplight/yaml": {
			"version": "4.2.2",
			"resolved": "https://registry.npmjs.org/@stoplight/yaml/-/yaml-4.2.2.tgz",
			"integrity": "sha512-N086FU8pmSpjc5TvMBjmlTniZVh3OXzmEh6SYljSLiuv6aMxgjyjf13YrAlUqgu0b4b6pQ5zmkjrfo9i0SiLsw==",
			"requires": {
				"@stoplight/ordered-object-literal": "^1.0.1",
				"@stoplight/types": "^12.0.0",
				"@stoplight/yaml-ast-parser": "0.0.48",
				"tslib": "^2.2.0"
			}
		},
		"@stoplight/yaml-ast-parser": {
			"version": "0.0.48",
			"resolved": "https://registry.npmjs.org/@stoplight/yaml-ast-parser/-/yaml-ast-parser-0.0.48.tgz",
			"integrity": "sha512-sV+51I7WYnLJnKPn2EMWgS4EUfoP4iWEbrWwbXsj0MZCB/xOK8j6+C9fntIdOM50kpx45ZLC3s6kwKivWuqvyg=="
		},
		"@types/json-schema": {
			"version": "7.0.11",
			"resolved": "https://registry.npmjs.org/@types/json-schema/-/json-schema-7.0.11.tgz",
			"integrity": "sha512-wOuvG1SN4Us4rez+tylwwwCV1psiNVOkJeM3AUWUNWg/jDQY2+HE/444y5gc+jBmRqASOm2Oeh5c1axHobwRKQ=="
		},
		"jsonc-parser": {
			"version": "2.2.1",
			"resolved": "https://registry.npmjs.org/jsonc-parser/-/jsonc-parser-2.2.1.tgz",
			"integrity": "sha512-o6/yDBYccGvTz1+QFevz6l6OBZ2+fMVu2JZ9CIhzsYRX4mjaK5IyX9eldUdCmga16zlgQxyrj5pt9kzuj2C02w=="
		},
		"lodash": {
			"version": "4.17.21",
			"resolved": "https://registry.npmjs.org/lodash/-/lodash-4.17.21.tgz",
			"integrity": "sha512-v2kDEe57lecTulaDIuNTPy3Ry4gLGJ6Z1O3vE1krgXZNrsQ+LFTGHVxVjcXPs17LhbZVGedAJv8XZ1tvj5FvSg=="
		},
		"safe-stable-stringify": {
			"version": "1.1.1",
			"resolved": "https://registry.npmjs.org/safe-stable-stringify/-/safe-stable-stringify-1.1.1.tgz",
			"integrity": "sha512-ERq4hUjKDbJfE4+XtZLFPCDi8Vb1JqaxAPTxWFLBx8XcAlf9Bda/ZJdVezs/NAfsMQScyIlUMx+Yeu7P7rx5jw=="
		},
		"tslib": {
			"version": "2.4.0",
			"resolved": "https://registry.npmjs.org/tslib/-/tslib-2.4.0.tgz",
			"integrity": "sha512-d6xOpEDfsi2CZVlPQzGeux8XMwLT9hssAsaPYExaQMuYskwb+x1x7J371tWlbBdWHroy99KnVB6qIkUbs5X3UQ=="
		},
		"utility-types": {
			"version": "3.10.0",
			"resolved": "https://registry.npmjs.org/utility-types/-/utility-types-3.10.0.tgz",
			"integrity": "sha512-O11mqxmi7wMKCo6HKFt5AhO4BwY3VV68YU07tgxfz8zJTIxr4BpsezN49Ffwy9j3ZpwwJp4fkRwjRzq3uWE6Rg=="
		}
	}
}
